// !$*UTF8*$!
{ "archiveVersion" = "1"; "classes" = {  }; "objectVersion" = "56"; "objects" = { "ECC1D25C8AC590A5B5FE82BF" = { "isa" = "PBXFileReference"; "lastKnownFileType" = "sourcecode.swift"; "path" = "Sources/AirThrowApp/App.swift"; "sourceTree" = "<group>"; }; "A9AAC3A128B7D33BED12CAB7" = { "isa" = "PBXFileReference"; "lastKnownFileType" = "sourcecode.swift"; "path" = "Sources/AirThrowApp/ControllerView.swift"; "sourceTree" = "<group>"; }; "570787A39087D3884398087C" = { "isa" = "PBXFileReference"; "lastKnownFileType" = "sourcecode.swift"; "path" = "Sources/AirThrowApp/MediaDiagnostics.swift"; "sourceTree" = "<group>"; }; "917E2B6835607175FB0B2036" = { "isa" = "PBXFileReference"; "lastKnownFileType" = "sourcecode.swift"; "path" = "Sources/AirThrowApp/PlaybackController.swift"; "sourceTree" = "<group>"; }; "1E7951C7ECFFFF7C31E2C1DB" = { "isa" = "PBXFileReference"; "lastKnownFileType" = "sourcecode.swift"; "path" = "Sources/AirThrowApp/PlaylistView.swift"; "sourceTree" = "<group>"; }; "BBA5C9E89C316364F625A6B4" = { "isa" = "PBXFileReference"; "lastKnownFileType" = "sourcecode.swift"; "path" = "Sources/AirThrowApp/SettingsView.swift"; "sourceTree" = "<group>"; }; "FD2D8129AA7C685DAE282E3E" = { "isa" = "PBXFileReference"; "lastKnownFileType" = "sourcecode.swift"; "path" = "Sources/AirThrowApp/SourceChooserView.swift"; "sourceTree" = "<group>"; }; "1336249005AB63795F3B6AB3" = { "isa" = "PBXFileReference"; "lastKnownFileType" = "sourcecode.swift"; "path" = "Sources/AirThrowCLI/AirThrowCLI.swift"; "sourceTree" = "<group>"; }; "DBC2C5123F86B2865E896CD2" = { "isa" = "PBXFileReference"; "lastKnownFileType" = "sourcecode.swift"; "path" = "Sources/AirThrowCore/BundledSources.swift"; "sourceTree" = "<group>"; }; "FBABE2F4D61AD19B07A65079" = { "isa" = "PBXFileReference"; "lastKnownFileType" = "sourcecode.swift"; "path" = "Sources/AirThrowCore/CLIArguments.swift"; "sourceTree" = "<group>"; }; "1A3909494614DEDE4F8314CD" = { "isa" = "PBXFileReference"; "lastKnownFileType" = "sourcecode.swift"; "path" = "Sources/AirThrowCore/ExtractedSourceAdapter.swift"; "sourceTree" = "<group>"; }; "5E918F2F976A1371B1677754" = { "isa" = "PBXFileReference"; "lastKnownFileType" = "sourcecode.swift"; "path" = "Sources/AirThrowCore/HelperProcess.swift"; "sourceTree" = "<group>"; }; "20BFC196B571D037A4909288" = { "isa" = "PBXFileReference"; "lastKnownFileType" = "sourcecode.swift"; "path" = "Sources/AirThrowCore/MediaHTTPServer.swift"; "sourceTree" = "<group>"; }; "A4256E5CD93723813AFB5EE5" = { "isa" = "PBXFileReference"; "lastKnownFileType" = "sourcecode.swift"; "path" = "Sources/AirThrowCore/MediaPreparer.swift"; "sourceTree" = "<group>"; }; "C8D40D05FB412851BE846D59" = { "isa" = "PBXFileReference"; "lastKnownFileType" = "sourcecode.swift"; "path" = "Sources/AirThrowCore/MediaSelection.swift"; "sourceTree" = "<group>"; }; "B599B5E44F0FA0712925E81C" = { "isa" = "PBXFileReference"; "lastKnownFileType" = "sourcecode.swift"; "path" = "Sources/AirThrowCore/Protocol.swift"; "sourceTree" = "<group>"; }; "18CD1208DDF25EC1B4F9FD77" = { "isa" = "PBXFileReference"; "lastKnownFileType" = "sourcecode.swift"; "path" = "Sources/AirThrowCore/Socket.swift"; "sourceTree" = "<group>"; }; "CD31DE1432AC8631C238938B" = { "isa" = "PBXFileReference"; "lastKnownFileType" = "sourcecode.swift"; "path" = "Sources/AirThrowCore/SourceRegistry.swift"; "sourceTree" = "<group>"; }; "8AF82E5860B33D26529B0958" = { "isa" = "PBXFileReference"; "lastKnownFileType" = "sourcecode.swift"; "path" = "Sources/AirThrowCore/SourceResolver.swift"; "sourceTree" = "<group>"; }; "1042EE7F588E81CEE3F803A0" = { "isa" = "PBXFileReference"; "lastKnownFileType" = "sourcecode.swift"; "path" = "Sources/AirThrowCore/YTDLPSourceAdapter.swift"; "sourceTree" = "<group>"; }; "F05A0F10954FD242AAD9E453" = { "isa" = "PBXFileReference"; "lastKnownFileType" = "sourcecode.swift"; "path" = "Sources/AirThrowCore/YouTubeCookies.swift"; "sourceTree" = "<group>"; }; "142D786003AED2F4A541FCB3" = { "isa" = "PBXFileReference"; "lastKnownFileType" = "sourcecode.swift"; "path" = "Sources/AirThrowCore/YouTubeSourceAdapter.swift"; "sourceTree" = "<group>"; }; "A35ABCD6DAC9A2E5C1D7D6A5" = { "isa" = "PBXFileReference"; "lastKnownFileType" = "folder.iconcomposer.icon"; "path" = "Resources/AppIcon.icon"; "sourceTree" = "<group>"; }; "6CE4F38CC7A0B009F8C92E93" = { "isa" = "PBXFileReference"; "lastKnownFileType" = "folder"; "path" = "Sources/AirThrowCore/SourceProviders"; "sourceTree" = "<group>"; }; "170322A32F3C35B2C61576A5" = { "isa" = "PBXFileReference"; "lastKnownFileType" = "text.plist.xml"; "path" = "Resources/Info.plist"; "sourceTree" = "<group>"; }; "DEF93E8F8AC229A0D98BBEFA" = { "isa" = "PBXFileReference"; "explicitFileType" = "wrapper.application"; "path" = "AirThrow.app"; "sourceTree" = "BUILT_PRODUCTS_DIR"; }; "267F22E9ADC395A1F9B435E7" = { "isa" = "PBXFileReference"; "explicitFileType" = "compiled.mach-o.executable"; "path" = "athrow"; "sourceTree" = "BUILT_PRODUCTS_DIR"; }; "4EDC8BFAFC6BD936B849F38C" = { "isa" = "PBXGroup"; "children" = ( "DEF93E8F8AC229A0D98BBEFA", "267F22E9ADC395A1F9B435E7", ); "name" = "Products"; "sourceTree" = "<group>"; }; "97A63A01E61FD439E8760B8E" = { "isa" = "PBXGroup"; "children" = ( "ECC1D25C8AC590A5B5FE82BF", "A9AAC3A128B7D33BED12CAB7", "570787A39087D3884398087C", "917E2B6835607175FB0B2036", "1E7951C7ECFFFF7C31E2C1DB", "BBA5C9E89C316364F625A6B4", "FD2D8129AA7C685DAE282E3E", "1336249005AB63795F3B6AB3", "DBC2C5123F86B2865E896CD2", "FBABE2F4D61AD19B07A65079", "1A3909494614DEDE4F8314CD", "5E918F2F976A1371B1677754", "20BFC196B571D037A4909288", "A4256E5CD93723813AFB5EE5", "C8D40D05FB412851BE846D59", "B599B5E44F0FA0712925E81C", "18CD1208DDF25EC1B4F9FD77", "CD31DE1432AC8631C238938B", "8AF82E5860B33D26529B0958", "1042EE7F588E81CEE3F803A0", "F05A0F10954FD242AAD9E453", "142D786003AED2F4A541FCB3", "170322A32F3C35B2C61576A5", "A35ABCD6DAC9A2E5C1D7D6A5", "6CE4F38CC7A0B009F8C92E93", "4EDC8BFAFC6BD936B849F38C", ); "sourceTree" = "<group>"; }; "433548979C024CC63B5F3B8D" = { "isa" = "XCBuildConfiguration"; "name" = "Debug"; "buildSettings" = { "MACOSX_DEPLOYMENT_TARGET" = "14.0"; "SWIFT_VERSION" = "6.0"; "SDKROOT" = "macosx"; "CLANG_ENABLE_MODULES" = "YES"; "SWIFT_OPTIMIZATION_LEVEL" = "-Onone"; "SWIFT_ACTIVE_COMPILATION_CONDITIONS" = "DEBUG"; }; }; "B800A40FDE6F0A0218D9BCD2" = { "isa" = "XCBuildConfiguration"; "name" = "Release"; "buildSettings" = { "MACOSX_DEPLOYMENT_TARGET" = "14.0"; "SWIFT_VERSION" = "6.0"; "SDKROOT" = "macosx"; "CLANG_ENABLE_MODULES" = "YES"; "SWIFT_OPTIMIZATION_LEVEL" = "-O"; }; }; "67F98A53B3601D59AC990BA8" = { "isa" = "XCConfigurationList"; "buildConfigurations" = ( "433548979C024CC63B5F3B8D", "B800A40FDE6F0A0218D9BCD2", ); "defaultConfigurationIsVisible" = "0"; "defaultConfigurationName" = "Release"; }; "6CCC433D89988F3E2859E1DB" = { "isa" = "XCBuildConfiguration"; "name" = "Debug"; "buildSettings" = { "MACOSX_DEPLOYMENT_TARGET" = "14.0"; "SWIFT_VERSION" = "6.0"; "SDKROOT" = "macosx"; "CLANG_ENABLE_MODULES" = "YES"; "PRODUCT_NAME" = "AirThrow"; "PRODUCT_MODULE_NAME" = "AirThrowApp"; "EXECUTABLE_NAME" = "AirThrowApp"; "INFOPLIST_FILE" = "Resources/Info.plist"; "PRODUCT_BUNDLE_IDENTIFIER" = "app.airthrow.mac"; "CODE_SIGN_STYLE" = "Automatic"; "ENABLE_HARDENED_RUNTIME" = "YES"; "COMBINE_HIDPI_IMAGES" = "YES"; "ENABLE_USER_SCRIPT_SANDBOXING" = "NO"; "ASSETCATALOG_COMPILER_APPICON_NAME" = "AppIcon"; "SWIFT_OPTIMIZATION_LEVEL" = "-Onone"; "SWIFT_ACTIVE_COMPILATION_CONDITIONS" = "DEBUG"; }; }; "60E450B27FD0D02DD5AA6B63" = { "isa" = "XCBuildConfiguration"; "name" = "Release"; "buildSettings" = { "MACOSX_DEPLOYMENT_TARGET" = "14.0"; "SWIFT_VERSION" = "6.0"; "SDKROOT" = "macosx"; "CLANG_ENABLE_MODULES" = "YES"; "PRODUCT_NAME" = "AirThrow"; "PRODUCT_MODULE_NAME" = "AirThrowApp"; "EXECUTABLE_NAME" = "AirThrowApp"; "INFOPLIST_FILE" = "Resources/Info.plist"; "PRODUCT_BUNDLE_IDENTIFIER" = "app.airthrow.mac"; "CODE_SIGN_STYLE" = "Automatic"; "ENABLE_HARDENED_RUNTIME" = "YES"; "COMBINE_HIDPI_IMAGES" = "YES"; "ENABLE_USER_SCRIPT_SANDBOXING" = "NO"; "ASSETCATALOG_COMPILER_APPICON_NAME" = "AppIcon"; "SWIFT_OPTIMIZATION_LEVEL" = "-O"; }; }; "0F51AEB162181847E3A04AEF" = { "isa" = "XCConfigurationList"; "buildConfigurations" = ( "6CCC433D89988F3E2859E1DB", "60E450B27FD0D02DD5AA6B63", ); "defaultConfigurationIsVisible" = "0"; "defaultConfigurationName" = "Release"; }; "84053A9A81BFC598F621D9BA" = { "isa" = "XCBuildConfiguration"; "name" = "Debug"; "buildSettings" = { "MACOSX_DEPLOYMENT_TARGET" = "14.0"; "SWIFT_VERSION" = "6.0"; "SDKROOT" = "macosx"; "CLANG_ENABLE_MODULES" = "YES"; "PRODUCT_NAME" = "athrow"; "PRODUCT_MODULE_NAME" = "AirThrowCLI"; "CODE_SIGN_STYLE" = "Automatic"; "ENABLE_HARDENED_RUNTIME" = "YES"; "SKIP_INSTALL" = "YES"; "SWIFT_OPTIMIZATION_LEVEL" = "-Onone"; "SWIFT_ACTIVE_COMPILATION_CONDITIONS" = "DEBUG"; }; }; "DC43D5998FDDB34BD798BD6F" = { "isa" = "XCBuildConfiguration"; "name" = "Release"; "buildSettings" = { "MACOSX_DEPLOYMENT_TARGET" = "14.0"; "SWIFT_VERSION" = "6.0"; "SDKROOT" = "macosx"; "CLANG_ENABLE_MODULES" = "YES"; "PRODUCT_NAME" = "athrow"; "PRODUCT_MODULE_NAME" = "AirThrowCLI"; "CODE_SIGN_STYLE" = "Automatic"; "ENABLE_HARDENED_RUNTIME" = "YES"; "SKIP_INSTALL" = "YES"; "SWIFT_OPTIMIZATION_LEVEL" = "-O"; }; }; "F88709FEBEE88DDE4FB9E8D9" = { "isa" = "XCConfigurationList"; "buildConfigurations" = ( "84053A9A81BFC598F621D9BA", "DC43D5998FDDB34BD798BD6F", ); "defaultConfigurationIsVisible" = "0"; "defaultConfigurationName" = "Release"; }; "FF004C99FCD10457015D8003" = { "isa" = "PBXContainerItemProxy"; "containerPortal" = "985959785319747668373CC6"; "proxyType" = "1"; "remoteGlobalIDString" = "DC598368AC8A8DE36B511421"; "remoteInfo" = "athrow"; }; "314CAB70998FD1222B7DF8F8" = { "isa" = "PBXTargetDependency"; "target" = "DC598368AC8A8DE36B511421"; "targetProxy" = "FF004C99FCD10457015D8003"; }; "741356D2299FC81A023764DC" = { "isa" = "PBXBuildFile"; "fileRef" = "267F22E9ADC395A1F9B435E7"; "settings" = { "ATTRIBUTES" = ( "CodeSignOnCopy", ); }; }; "FF9D074A1CBA6625D4A0BCF3" = { "isa" = "PBXCopyFilesBuildPhase"; "buildActionMask" = "2147483647"; "dstPath" = ""; "dstSubfolderSpec" = "6"; "files" = ( "741356D2299FC81A023764DC", ); "name" = "Embed CLI"; "runOnlyForDeploymentPostprocessing" = "0"; }; "7A4F46EACC2E780F16D33168" = { "isa" = "PBXBuildFile"; "fileRef" = "1336249005AB63795F3B6AB3"; }; "404421A843E277B0D66B0DED" = { "isa" = "PBXBuildFile"; "fileRef" = "DBC2C5123F86B2865E896CD2"; }; "9C3603B8AC598E567D039F62" = { "isa" = "PBXBuildFile"; "fileRef" = "FBABE2F4D61AD19B07A65079"; }; "4BECCEAC56A2B6D73C6F1B10" = { "isa" = "PBXBuildFile"; "fileRef" = "1A3909494614DEDE4F8314CD"; }; "01762750AA34C92FCD948528" = { "isa" = "PBXBuildFile"; "fileRef" = "5E918F2F976A1371B1677754"; }; "7CA6EF9CDDE60325EA6A4FD7" = { "isa" = "PBXBuildFile"; "fileRef" = "20BFC196B571D037A4909288"; }; "722B03AF0E53A24010166DEE" = { "isa" = "PBXBuildFile"; "fileRef" = "A4256E5CD93723813AFB5EE5"; }; "3C71A4F54C5DAE72907AAD0A" = { "isa" = "PBXBuildFile"; "fileRef" = "C8D40D05FB412851BE846D59"; }; "25E400246C376208A0191221" = { "isa" = "PBXBuildFile"; "fileRef" = "B599B5E44F0FA0712925E81C"; }; "681BDA8A8360157DC8B91B24" = { "isa" = "PBXBuildFile"; "fileRef" = "18CD1208DDF25EC1B4F9FD77"; }; "CA42EE20C0349E220EB45E50" = { "isa" = "PBXBuildFile"; "fileRef" = "CD31DE1432AC8631C238938B"; }; "C2CF8DFE93DABC8B874DF0E4" = { "isa" = "PBXBuildFile"; "fileRef" = "8AF82E5860B33D26529B0958"; }; "905CA7AED9BC889C4DDD20AF" = { "isa" = "PBXBuildFile"; "fileRef" = "1042EE7F588E81CEE3F803A0"; }; "8E81CF973E2889F32037AE31" = { "isa" = "PBXBuildFile"; "fileRef" = "F05A0F10954FD242AAD9E453"; }; "49CDA9ADB58924BE84997984" = { "isa" = "PBXBuildFile"; "fileRef" = "142D786003AED2F4A541FCB3"; }; "9F0E9621D3B9222CACDF2753" = { "isa" = "PBXSourcesBuildPhase"; "buildActionMask" = "2147483647"; "files" = ( "7A4F46EACC2E780F16D33168", "404421A843E277B0D66B0DED", "9C3603B8AC598E567D039F62", "4BECCEAC56A2B6D73C6F1B10", "01762750AA34C92FCD948528", "7CA6EF9CDDE60325EA6A4FD7", "722B03AF0E53A24010166DEE", "3C71A4F54C5DAE72907AAD0A", "25E400246C376208A0191221", "681BDA8A8360157DC8B91B24", "CA42EE20C0349E220EB45E50", "C2CF8DFE93DABC8B874DF0E4", "905CA7AED9BC889C4DDD20AF", "8E81CF973E2889F32037AE31", "49CDA9ADB58924BE84997984", ); "runOnlyForDeploymentPostprocessing" = "0"; }; "DC598368AC8A8DE36B511421" = { "isa" = "PBXNativeTarget"; "buildConfigurationList" = "F88709FEBEE88DDE4FB9E8D9"; "buildPhases" = ( "9F0E9621D3B9222CACDF2753", ); "buildRules" = (  ); "dependencies" = (  ); "name" = "athrow"; "productName" = "athrow"; "productReference" = "267F22E9ADC395A1F9B435E7"; "productType" = "com.apple.product-type.tool"; }; "6E8A826A2E7DE93DCE5C2D86" = { "isa" = "PBXBuildFile"; "fileRef" = "A35ABCD6DAC9A2E5C1D7D6A5"; }; "BB5C98D3D4750C60FAE2E8CE" = { "isa" = "PBXBuildFile"; "fileRef" = "6CE4F38CC7A0B009F8C92E93"; }; "DBBFC30291D55CDD50B10B32" = { "isa" = "PBXResourcesBuildPhase"; "buildActionMask" = "2147483647"; "files" = ( "6E8A826A2E7DE93DCE5C2D86", "BB5C98D3D4750C60FAE2E8CE", ); "runOnlyForDeploymentPostprocessing" = "0"; }; "551F4BE73CB91FABA604ABCE" = { "isa" = "PBXShellScriptBuildPhase"; "buildActionMask" = "2147483647"; "files" = (  ); "name" = "Stamp Git commit"; "inputPaths" = (  ); "outputPaths" = ( "$(TARGET_BUILD_DIR)/$(UNLOCALIZED_RESOURCES_FOLDER_PATH)/BuildCommit.txt", ); "alwaysOutOfDate" = "1"; "runOnlyForDeploymentPostprocessing" = "0"; "shellPath" = "/bin/bash"; "shellScript" = "bash \"$SRCROOT/scripts/write-build-commit.sh\" \"$TARGET_BUILD_DIR/$UNLOCALIZED_RESOURCES_FOLDER_PATH/BuildCommit.txt\"\n"; }; "B38F5144F6336D1C279E4A4D" = { "isa" = "PBXBuildFile"; "fileRef" = "ECC1D25C8AC590A5B5FE82BF"; }; "F7C02F150C89AA517F8336B4" = { "isa" = "PBXBuildFile"; "fileRef" = "A9AAC3A128B7D33BED12CAB7"; }; "386F7F564D250524444112C0" = { "isa" = "PBXBuildFile"; "fileRef" = "570787A39087D3884398087C"; }; "350BD45E72C5FEE9B447AF35" = { "isa" = "PBXBuildFile"; "fileRef" = "917E2B6835607175FB0B2036"; }; "584BEA5FE6B945920FA222F2" = { "isa" = "PBXBuildFile"; "fileRef" = "1E7951C7ECFFFF7C31E2C1DB"; }; "FE3195A4EE3BBDBDAC906536" = { "isa" = "PBXBuildFile"; "fileRef" = "BBA5C9E89C316364F625A6B4"; }; "38B5FD88E5B628E358485FDA" = { "isa" = "PBXBuildFile"; "fileRef" = "FD2D8129AA7C685DAE282E3E"; }; "F310CEB6CB51505A35EF0CF1" = { "isa" = "PBXBuildFile"; "fileRef" = "DBC2C5123F86B2865E896CD2"; }; "0566A455AE53D175C844623C" = { "isa" = "PBXBuildFile"; "fileRef" = "FBABE2F4D61AD19B07A65079"; }; "EF9D419B6644C00AC261D5E2" = { "isa" = "PBXBuildFile"; "fileRef" = "1A3909494614DEDE4F8314CD"; }; "0E87B4F112923D7FAB97133E" = { "isa" = "PBXBuildFile"; "fileRef" = "5E918F2F976A1371B1677754"; }; "A67DFDB49166EAEFCE9186A9" = { "isa" = "PBXBuildFile"; "fileRef" = "20BFC196B571D037A4909288"; }; "7A2D6C6ADB2BD8A14B92486B" = { "isa" = "PBXBuildFile"; "fileRef" = "A4256E5CD93723813AFB5EE5"; }; "32D4A9DF7C0200D8E1FF3984" = { "isa" = "PBXBuildFile"; "fileRef" = "C8D40D05FB412851BE846D59"; }; "9459BFEACA86A17FF1CD4800" = { "isa" = "PBXBuildFile"; "fileRef" = "B599B5E44F0FA0712925E81C"; }; "1F07877EC50FE1AA0E697F45" = { "isa" = "PBXBuildFile"; "fileRef" = "18CD1208DDF25EC1B4F9FD77"; }; "38A1F898CA85C452269DB83A" = { "isa" = "PBXBuildFile"; "fileRef" = "CD31DE1432AC8631C238938B"; }; "FC1086343FC1494804A504EA" = { "isa" = "PBXBuildFile"; "fileRef" = "8AF82E5860B33D26529B0958"; }; "EB0C209D7209837BA4DCDA6C" = { "isa" = "PBXBuildFile"; "fileRef" = "1042EE7F588E81CEE3F803A0"; }; "86525719B72AB5F063AE1A6D" = { "isa" = "PBXBuildFile"; "fileRef" = "F05A0F10954FD242AAD9E453"; }; "4294BE1DA1F7A0CE5B13F355" = { "isa" = "PBXBuildFile"; "fileRef" = "142D786003AED2F4A541FCB3"; }; "0D25A9A11793BE91427A3D7D" = { "isa" = "PBXSourcesBuildPhase"; "buildActionMask" = "2147483647"; "files" = ( "B38F5144F6336D1C279E4A4D", "F7C02F150C89AA517F8336B4", "386F7F564D250524444112C0", "350BD45E72C5FEE9B447AF35", "584BEA5FE6B945920FA222F2", "FE3195A4EE3BBDBDAC906536", "38B5FD88E5B628E358485FDA", "F310CEB6CB51505A35EF0CF1", "0566A455AE53D175C844623C", "EF9D419B6644C00AC261D5E2", "0E87B4F112923D7FAB97133E", "A67DFDB49166EAEFCE9186A9", "7A2D6C6ADB2BD8A14B92486B", "32D4A9DF7C0200D8E1FF3984", "9459BFEACA86A17FF1CD4800", "1F07877EC50FE1AA0E697F45", "38A1F898CA85C452269DB83A", "FC1086343FC1494804A504EA", "EB0C209D7209837BA4DCDA6C", "86525719B72AB5F063AE1A6D", "4294BE1DA1F7A0CE5B13F355", ); "runOnlyForDeploymentPostprocessing" = "0"; }; "28842F0FBEF7D211F304ACBC" = { "isa" = "PBXNativeTarget"; "buildConfigurationList" = "0F51AEB162181847E3A04AEF"; "buildPhases" = ( "0D25A9A11793BE91427A3D7D", "DBBFC30291D55CDD50B10B32", "FF9D074A1CBA6625D4A0BCF3", "551F4BE73CB91FABA604ABCE", ); "buildRules" = (  ); "dependencies" = ( "314CAB70998FD1222B7DF8F8", ); "name" = "AirThrow"; "productName" = "AirThrow"; "productReference" = "DEF93E8F8AC229A0D98BBEFA"; "productType" = "com.apple.product-type.application"; }; "985959785319747668373CC6" = { "isa" = "PBXProject"; "attributes" = { "LastUpgradeCheck" = "1600"; }; "buildConfigurationList" = "67F98A53B3601D59AC990BA8"; "compatibilityVersion" = "Xcode 14.0"; "developmentRegion" = "en"; "hasScannedForEncodings" = "0"; "knownRegions" = ( "en", "Base", ); "mainGroup" = "97A63A01E61FD439E8760B8E"; "productRefGroup" = "4EDC8BFAFC6BD936B849F38C"; "projectDirPath" = ""; "projectRoot" = ""; "targets" = ( "28842F0FBEF7D211F304ACBC", "DC598368AC8A8DE36B511421", ); }; }; "rootObject" = "985959785319747668373CC6"; }
