// !$*UTF8*$!
{ "classes" = {  }; "objectVersion" = "56"; "archiveVersion" = "1"; "objects" = { "CA42EE20C0349E220EB45E50" = { "isa" = "PBXBuildFile"; "fileRef" = "CD31DE1432AC8631C238938B"; }; "0E87B4F112923D7FAB97133E" = { "isa" = "PBXBuildFile"; "fileRef" = "5E918F2F976A1371B1677754"; }; "F05A0F10954FD242AAD9E453" = { "path" = "Sources/AirThrowCore/YouTubeCookies.swift"; "isa" = "PBXFileReference"; "lastKnownFileType" = "sourcecode.swift"; "sourceTree" = "<group>"; }; "FC1086343FC1494804A504EA" = { "isa" = "PBXBuildFile"; "fileRef" = "8AF82E5860B33D26529B0958"; }; "0566A455AE53D175C844623C" = { "isa" = "PBXBuildFile"; "fileRef" = "FBABE2F4D61AD19B07A65079"; }; "1A3909494614DEDE4F8314CD" = { "path" = "Sources/AirThrowCore/ExtractedSourceAdapter.swift"; "isa" = "PBXFileReference"; "lastKnownFileType" = "sourcecode.swift"; "sourceTree" = "<group>"; }; "38B5FD88E5B628E358485FDA" = { "isa" = "PBXBuildFile"; "fileRef" = "FD2D8129AA7C685DAE282E3E"; }; "741356D2299FC81A023764DC" = { "isa" = "PBXBuildFile"; "fileRef" = "267F22E9ADC395A1F9B435E7"; "settings" = { "ATTRIBUTES" = ( "CodeSignOnCopy", ); }; }; "9C3603B8AC598E567D039F62" = { "isa" = "PBXBuildFile"; "fileRef" = "FBABE2F4D61AD19B07A65079"; }; "DC43D5998FDDB34BD798BD6F" = { "isa" = "XCBuildConfiguration"; "name" = "Release"; "buildSettings" = { "CLANG_ENABLE_MODULES" = "YES"; "ENABLE_HARDENED_RUNTIME" = "YES"; "PRODUCT_MODULE_NAME" = "AirThrowCLI"; "MACOSX_DEPLOYMENT_TARGET" = "14.0"; "CODE_SIGN_STYLE" = "Automatic"; "SWIFT_VERSION" = "6.0"; "SDKROOT" = "macosx"; "SKIP_INSTALL" = "YES"; "PRODUCT_NAME" = "athrow"; "SWIFT_OPTIMIZATION_LEVEL" = "-O"; }; }; "DC5A33E67FD59F70AF718350" = { "isa" = "PBXBuildFile"; "fileRef" = "AB2143975DECB6C5F475DE28"; }; "4BECCEAC56A2B6D73C6F1B10" = { "isa" = "PBXBuildFile"; "fileRef" = "1A3909494614DEDE4F8314CD"; }; "584BEA5FE6B945920FA222F2" = { "isa" = "PBXBuildFile"; "fileRef" = "1E7951C7ECFFFF7C31E2C1DB"; }; "314CAB70998FD1222B7DF8F8" = { "isa" = "PBXTargetDependency"; "target" = "DC598368AC8A8DE36B511421"; "targetProxy" = "FF004C99FCD10457015D8003"; }; "49CDA9ADB58924BE84997984" = { "isa" = "PBXBuildFile"; "fileRef" = "142D786003AED2F4A541FCB3"; }; "18CD1208DDF25EC1B4F9FD77" = { "path" = "Sources/AirThrowCore/Socket.swift"; "isa" = "PBXFileReference"; "lastKnownFileType" = "sourcecode.swift"; "sourceTree" = "<group>"; }; "CD31DE1432AC8631C238938B" = { "path" = "Sources/AirThrowCore/SourceRegistry.swift"; "isa" = "PBXFileReference"; "lastKnownFileType" = "sourcecode.swift"; "sourceTree" = "<group>"; }; "551F4BE73CB91FABA604ABCE" = { "name" = "Stamp Git commit"; "inputPaths" = (  ); "buildActionMask" = "2147483647"; "shellPath" = "/bin/bash"; "isa" = "PBXShellScriptBuildPhase"; "outputPaths" = ( "$(TARGET_BUILD_DIR)/$(UNLOCALIZED_RESOURCES_FOLDER_PATH)/BuildCommit.txt", ); "runOnlyForDeploymentPostprocessing" = "0"; "shellScript" = "bash \"$SRCROOT/scripts/write-build-commit.sh\" \"$TARGET_BUILD_DIR/$UNLOCALIZED_RESOURCES_FOLDER_PATH/BuildCommit.txt\"\n"; "files" = (  ); "alwaysOutOfDate" = "1"; }; "46C96345894D36C439BD7BC3" = { "isa" = "PBXBuildFile"; "fileRef" = "A5A1053B93F8EF4B3D0CE38A"; }; "570787A39087D3884398087C" = { "path" = "Sources/AirThrowApp/MediaDiagnostics.swift"; "isa" = "PBXFileReference"; "lastKnownFileType" = "sourcecode.swift"; "sourceTree" = "<group>"; }; "67F98A53B3601D59AC990BA8" = { "isa" = "XCConfigurationList"; "defaultConfigurationIsVisible" = "0"; "defaultConfigurationName" = "Release"; "buildConfigurations" = ( "433548979C024CC63B5F3B8D", "B800A40FDE6F0A0218D9BCD2", ); }; "A9AAC3A128B7D33BED12CAB7" = { "path" = "Sources/AirThrowApp/ControllerView.swift"; "isa" = "PBXFileReference"; "lastKnownFileType" = "sourcecode.swift"; "sourceTree" = "<group>"; }; "C8D40D05FB412851BE846D59" = { "path" = "Sources/AirThrowCore/MediaSelection.swift"; "isa" = "PBXFileReference"; "lastKnownFileType" = "sourcecode.swift"; "sourceTree" = "<group>"; }; "A4256E5CD93723813AFB5EE5" = { "path" = "Sources/AirThrowCore/MediaPreparer.swift"; "isa" = "PBXFileReference"; "lastKnownFileType" = "sourcecode.swift"; "sourceTree" = "<group>"; }; "917E2B6835607175FB0B2036" = { "path" = "Sources/AirThrowApp/PlaybackController.swift"; "isa" = "PBXFileReference"; "lastKnownFileType" = "sourcecode.swift"; "sourceTree" = "<group>"; }; "36E388F76BAF49BE74F3A722" = { "path" = "Resources/WaitingScreen"; "isa" = "PBXFileReference"; "lastKnownFileType" = "folder"; "sourceTree" = "<group>"; }; "9459BFEACA86A17FF1CD4800" = { "isa" = "PBXBuildFile"; "fileRef" = "B599B5E44F0FA0712925E81C"; }; "EB0C209D7209837BA4DCDA6C" = { "isa" = "PBXBuildFile"; "fileRef" = "1042EE7F588E81CEE3F803A0"; }; "6CCC433D89988F3E2859E1DB" = { "isa" = "XCBuildConfiguration"; "name" = "Debug"; "buildSettings" = { "ASSETCATALOG_COMPILER_APPICON_NAME" = "AppIcon"; "SWIFT_ACTIVE_COMPILATION_CONDITIONS" = "DEBUG"; "CLANG_ENABLE_MODULES" = "YES"; "INFOPLIST_FILE" = "Resources/Info.plist"; "MACOSX_DEPLOYMENT_TARGET" = "14.0"; "PRODUCT_MODULE_NAME" = "AirThrowApp"; "EXECUTABLE_NAME" = "AirThrowApp"; "ENABLE_USER_SCRIPT_SANDBOXING" = "NO"; "SWIFT_OPTIMIZATION_LEVEL" = "-Onone"; "CODE_SIGN_STYLE" = "Automatic"; "SDKROOT" = "macosx"; "SWIFT_VERSION" = "6.0"; "PRODUCT_NAME" = "AirThrow"; "ENABLE_HARDENED_RUNTIME" = "YES"; "COMBINE_HIDPI_IMAGES" = "YES"; "PRODUCT_BUNDLE_IDENTIFIER" = "it.mcosta.airthrow"; }; }; "FBABE2F4D61AD19B07A65079" = { "path" = "Sources/AirThrowCore/CLIArguments.swift"; "isa" = "PBXFileReference"; "lastKnownFileType" = "sourcecode.swift"; "sourceTree" = "<group>"; }; "E8EC2173E659D17550EF099C" = { "path" = "Sources/AirThrowCore/WebsiteSessions.swift"; "isa" = "PBXFileReference"; "lastKnownFileType" = "sourcecode.swift"; "sourceTree" = "<group>"; }; "142D786003AED2F4A541FCB3" = { "path" = "Sources/AirThrowCore/YouTubeSourceAdapter.swift"; "isa" = "PBXFileReference"; "lastKnownFileType" = "sourcecode.swift"; "sourceTree" = "<group>"; }; "6E8A826A2E7DE93DCE5C2D86" = { "isa" = "PBXBuildFile"; "fileRef" = "A35ABCD6DAC9A2E5C1D7D6A5"; }; "8AF82E5860B33D26529B0958" = { "path" = "Sources/AirThrowCore/SourceResolver.swift"; "isa" = "PBXFileReference"; "lastKnownFileType" = "sourcecode.swift"; "sourceTree" = "<group>"; }; "4294BE1DA1F7A0CE5B13F355" = { "isa" = "PBXBuildFile"; "fileRef" = "142D786003AED2F4A541FCB3"; }; "7A2D6C6ADB2BD8A14B92486B" = { "isa" = "PBXBuildFile"; "fileRef" = "A4256E5CD93723813AFB5EE5"; }; "1336249005AB63795F3B6AB3" = { "path" = "Sources/AirThrowCLI/AirThrowCLI.swift"; "isa" = "PBXFileReference"; "lastKnownFileType" = "sourcecode.swift"; "sourceTree" = "<group>"; }; "F88709FEBEE88DDE4FB9E8D9" = { "isa" = "XCConfigurationList"; "defaultConfigurationIsVisible" = "0"; "defaultConfigurationName" = "Release"; "buildConfigurations" = ( "84053A9A81BFC598F621D9BA", "DC43D5998FDDB34BD798BD6F", ); }; "B800A40FDE6F0A0218D9BCD2" = { "isa" = "XCBuildConfiguration"; "name" = "Release"; "buildSettings" = { "CLANG_ENABLE_MODULES" = "YES"; "SWIFT_OPTIMIZATION_LEVEL" = "-O"; "SWIFT_VERSION" = "6.0"; "MACOSX_DEPLOYMENT_TARGET" = "14.0"; "SDKROOT" = "macosx"; }; }; "0F51AEB162181847E3A04AEF" = { "isa" = "XCConfigurationList"; "defaultConfigurationIsVisible" = "0"; "defaultConfigurationName" = "Release"; "buildConfigurations" = ( "6CCC433D89988F3E2859E1DB", "60E450B27FD0D02DD5AA6B63", ); }; "722B03AF0E53A24010166DEE" = { "isa" = "PBXBuildFile"; "fileRef" = "A4256E5CD93723813AFB5EE5"; }; "3C71A4F54C5DAE72907AAD0A" = { "isa" = "PBXBuildFile"; "fileRef" = "C8D40D05FB412851BE846D59"; }; "AB2143975DECB6C5F475DE28" = { "path" = "Sources/AirThrowCore/SourceAdapters.swift"; "isa" = "PBXFileReference"; "lastKnownFileType" = "sourcecode.swift"; "sourceTree" = "<group>"; }; "8E81CF973E2889F32037AE31" = { "isa" = "PBXBuildFile"; "fileRef" = "F05A0F10954FD242AAD9E453"; }; "905CA7AED9BC889C4DDD20AF" = { "isa" = "PBXBuildFile"; "fileRef" = "1042EE7F588E81CEE3F803A0"; }; "BBA5C9E89C316364F625A6B4" = { "path" = "Sources/AirThrowApp/SettingsView.swift"; "isa" = "PBXFileReference"; "lastKnownFileType" = "sourcecode.swift"; "sourceTree" = "<group>"; }; "38A1F898CA85C452269DB83A" = { "isa" = "PBXBuildFile"; "fileRef" = "CD31DE1432AC8631C238938B"; }; "5E918F2F976A1371B1677754" = { "path" = "Sources/AirThrowCore/HelperProcess.swift"; "isa" = "PBXFileReference"; "lastKnownFileType" = "sourcecode.swift"; "sourceTree" = "<group>"; }; "A67DFDB49166EAEFCE9186A9" = { "isa" = "PBXBuildFile"; "fileRef" = "20BFC196B571D037A4909288"; }; "386F7F564D250524444112C0" = { "isa" = "PBXBuildFile"; "fileRef" = "570787A39087D3884398087C"; }; "FE3195A4EE3BBDBDAC906536" = { "isa" = "PBXBuildFile"; "fileRef" = "BBA5C9E89C316364F625A6B4"; }; "FF004C99FCD10457015D8003" = { "isa" = "PBXContainerItemProxy"; "containerPortal" = "985959785319747668373CC6"; "remoteGlobalIDString" = "DC598368AC8A8DE36B511421"; "remoteInfo" = "athrow"; "proxyType" = "1"; }; "170322A32F3C35B2C61576A5" = { "path" = "Resources/Info.plist"; "isa" = "PBXFileReference"; "lastKnownFileType" = "text.plist.xml"; "sourceTree" = "<group>"; }; "FF9D074A1CBA6625D4A0BCF3" = { "buildActionMask" = "2147483647"; "dstSubfolderSpec" = "6"; "isa" = "PBXCopyFilesBuildPhase"; "runOnlyForDeploymentPostprocessing" = "0"; "dstPath" = ""; "files" = ( "741356D2299FC81A023764DC", ); "name" = "Embed CLI"; }; "DC598368AC8A8DE36B511421" = { "buildConfigurationList" = "F88709FEBEE88DDE4FB9E8D9"; "productReference" = "267F22E9ADC395A1F9B435E7"; "productType" = "com.apple.product-type.tool"; "productName" = "athrow"; "isa" = "PBXNativeTarget"; "buildPhases" = ( "9F0E9621D3B9222CACDF2753", ); "dependencies" = (  ); "name" = "athrow"; "buildRules" = (  ); }; "86525719B72AB5F063AE1A6D" = { "isa" = "PBXBuildFile"; "fileRef" = "F05A0F10954FD242AAD9E453"; }; "376567B26A3C069FA8FA287B" = { "isa" = "PBXBuildFile"; "fileRef" = "AB2143975DECB6C5F475DE28"; }; "985959785319747668373CC6" = { "buildConfigurationList" = "67F98A53B3601D59AC990BA8"; "targets" = ( "28842F0FBEF7D211F304ACBC", "DC598368AC8A8DE36B511421", ); "developmentRegion" = "en"; "knownRegions" = ( "en", "Base", ); "isa" = "PBXProject"; "compatibilityVersion" = "Xcode 14.0"; "productRefGroup" = "4EDC8BFAFC6BD936B849F38C"; "projectDirPath" = ""; "attributes" = { "LastUpgradeCheck" = "1600"; }; "hasScannedForEncodings" = "0"; "projectRoot" = ""; "mainGroup" = "97A63A01E61FD439E8760B8E"; }; "97A63A01E61FD439E8760B8E" = { "isa" = "PBXGroup"; "sourceTree" = "<group>"; "children" = ( "ECC1D25C8AC590A5B5FE82BF", "A9AAC3A128B7D33BED12CAB7", "570787A39087D3884398087C", "917E2B6835607175FB0B2036", "0C5275B3F500394403CCA936", "1E7951C7ECFFFF7C31E2C1DB", "8EA05057EB611899B00EC27A", "A5A1053B93F8EF4B3D0CE38A", "BBA5C9E89C316364F625A6B4", "FD2D8129AA7C685DAE282E3E", "1336249005AB63795F3B6AB3", "FBABE2F4D61AD19B07A65079", "1A3909494614DEDE4F8314CD", "5E918F2F976A1371B1677754", "20BFC196B571D037A4909288", "A4256E5CD93723813AFB5EE5", "C8D40D05FB412851BE846D59", "B599B5E44F0FA0712925E81C", "18CD1208DDF25EC1B4F9FD77", "AB2143975DECB6C5F475DE28", "CD31DE1432AC8631C238938B", "8AF82E5860B33D26529B0958", "E8EC2173E659D17550EF099C", "1042EE7F588E81CEE3F803A0", "F05A0F10954FD242AAD9E453", "142D786003AED2F4A541FCB3", "170322A32F3C35B2C61576A5", "A35ABCD6DAC9A2E5C1D7D6A5", "36E388F76BAF49BE74F3A722", "4EDC8BFAFC6BD936B849F38C", ); }; "1E7951C7ECFFFF7C31E2C1DB" = { "path" = "Sources/AirThrowApp/PlaylistView.swift"; "isa" = "PBXFileReference"; "lastKnownFileType" = "sourcecode.swift"; "sourceTree" = "<group>"; }; "350BD45E72C5FEE9B447AF35" = { "isa" = "PBXBuildFile"; "fileRef" = "917E2B6835607175FB0B2036"; }; "DEF93E8F8AC229A0D98BBEFA" = { "path" = "AirThrow.app"; "isa" = "PBXFileReference"; "explicitFileType" = "wrapper.application"; "sourceTree" = "BUILT_PRODUCTS_DIR"; }; "60E450B27FD0D02DD5AA6B63" = { "isa" = "XCBuildConfiguration"; "name" = "Release"; "buildSettings" = { "ASSETCATALOG_COMPILER_APPICON_NAME" = "AppIcon"; "CLANG_ENABLE_MODULES" = "YES"; "INFOPLIST_FILE" = "Resources/Info.plist"; "MACOSX_DEPLOYMENT_TARGET" = "14.0"; "PRODUCT_MODULE_NAME" = "AirThrowApp"; "EXECUTABLE_NAME" = "AirThrowApp"; "ENABLE_USER_SCRIPT_SANDBOXING" = "NO"; "SWIFT_OPTIMIZATION_LEVEL" = "-O"; "CODE_SIGN_STYLE" = "Automatic"; "SDKROOT" = "macosx"; "SWIFT_VERSION" = "6.0"; "PRODUCT_NAME" = "AirThrow"; "ENABLE_HARDENED_RUNTIME" = "YES"; "COMBINE_HIDPI_IMAGES" = "YES"; "PRODUCT_BUNDLE_IDENTIFIER" = "it.mcosta.airthrow"; }; }; "C2CF8DFE93DABC8B874DF0E4" = { "isa" = "PBXBuildFile"; "fileRef" = "8AF82E5860B33D26529B0958"; }; "B38F5144F6336D1C279E4A4D" = { "isa" = "PBXBuildFile"; "fileRef" = "ECC1D25C8AC590A5B5FE82BF"; }; "681BDA8A8360157DC8B91B24" = { "isa" = "PBXBuildFile"; "fileRef" = "18CD1208DDF25EC1B4F9FD77"; }; "25E400246C376208A0191221" = { "isa" = "PBXBuildFile"; "fileRef" = "B599B5E44F0FA0712925E81C"; }; "C6335B7A130586D43BD3EB59" = { "isa" = "PBXBuildFile"; "fileRef" = "E8EC2173E659D17550EF099C"; }; "CDBD980EA1842B2A23F8193A" = { "isa" = "PBXBuildFile"; "fileRef" = "36E388F76BAF49BE74F3A722"; }; "20BFC196B571D037A4909288" = { "path" = "Sources/AirThrowCore/MediaHTTPServer.swift"; "isa" = "PBXFileReference"; "lastKnownFileType" = "sourcecode.swift"; "sourceTree" = "<group>"; }; "EF9D419B6644C00AC261D5E2" = { "isa" = "PBXBuildFile"; "fileRef" = "1A3909494614DEDE4F8314CD"; }; "433548979C024CC63B5F3B8D" = { "isa" = "XCBuildConfiguration"; "name" = "Debug"; "buildSettings" = { "CLANG_ENABLE_MODULES" = "YES"; "SWIFT_OPTIMIZATION_LEVEL" = "-Onone"; "SWIFT_ACTIVE_COMPILATION_CONDITIONS" = "DEBUG"; "SWIFT_VERSION" = "6.0"; "MACOSX_DEPLOYMENT_TARGET" = "14.0"; "SDKROOT" = "macosx"; }; }; "01762750AA34C92FCD948528" = { "isa" = "PBXBuildFile"; "fileRef" = "5E918F2F976A1371B1677754"; }; "1F07877EC50FE1AA0E697F45" = { "isa" = "PBXBuildFile"; "fileRef" = "18CD1208DDF25EC1B4F9FD77"; }; "F7C02F150C89AA517F8336B4" = { "isa" = "PBXBuildFile"; "fileRef" = "A9AAC3A128B7D33BED12CAB7"; }; "267F22E9ADC395A1F9B435E7" = { "path" = "athrow"; "isa" = "PBXFileReference"; "explicitFileType" = "compiled.mach-o.executable"; "sourceTree" = "BUILT_PRODUCTS_DIR"; }; "4EDC8BFAFC6BD936B849F38C" = { "isa" = "PBXGroup"; "name" = "Products"; "children" = ( "DEF93E8F8AC229A0D98BBEFA", "267F22E9ADC395A1F9B435E7", ); "sourceTree" = "<group>"; }; "449E6909967ACF30032335E8" = { "isa" = "PBXBuildFile"; "fileRef" = "E8EC2173E659D17550EF099C"; }; "FD2D8129AA7C685DAE282E3E" = { "path" = "Sources/AirThrowApp/SourceChooserView.swift"; "isa" = "PBXFileReference"; "lastKnownFileType" = "sourcecode.swift"; "sourceTree" = "<group>"; }; "9F0E9621D3B9222CACDF2753" = { "isa" = "PBXSourcesBuildPhase"; "buildActionMask" = "2147483647"; "files" = ( "7A4F46EACC2E780F16D33168", "9C3603B8AC598E567D039F62", "4BECCEAC56A2B6D73C6F1B10", "01762750AA34C92FCD948528", "7CA6EF9CDDE60325EA6A4FD7", "722B03AF0E53A24010166DEE", "3C71A4F54C5DAE72907AAD0A", "25E400246C376208A0191221", "681BDA8A8360157DC8B91B24", "DC5A33E67FD59F70AF718350", "CA42EE20C0349E220EB45E50", "C2CF8DFE93DABC8B874DF0E4", "C6335B7A130586D43BD3EB59", "905CA7AED9BC889C4DDD20AF", "8E81CF973E2889F32037AE31", "49CDA9ADB58924BE84997984", ); "runOnlyForDeploymentPostprocessing" = "0"; }; "1042EE7F588E81CEE3F803A0" = { "path" = "Sources/AirThrowCore/YTDLPSourceAdapter.swift"; "isa" = "PBXFileReference"; "lastKnownFileType" = "sourcecode.swift"; "sourceTree" = "<group>"; }; "7A4F46EACC2E780F16D33168" = { "isa" = "PBXBuildFile"; "fileRef" = "1336249005AB63795F3B6AB3"; }; "8EA05057EB611899B00EC27A" = { "path" = "Sources/AirThrowApp/ReceiverPresentation.swift"; "isa" = "PBXFileReference"; "lastKnownFileType" = "sourcecode.swift"; "sourceTree" = "<group>"; }; "28842F0FBEF7D211F304ACBC" = { "buildConfigurationList" = "0F51AEB162181847E3A04AEF"; "productReference" = "DEF93E8F8AC229A0D98BBEFA"; "productType" = "com.apple.product-type.application"; "productName" = "AirThrow"; "isa" = "PBXNativeTarget"; "buildPhases" = ( "0D25A9A11793BE91427A3D7D", "DBBFC30291D55CDD50B10B32", "FF9D074A1CBA6625D4A0BCF3", "551F4BE73CB91FABA604ABCE", ); "dependencies" = ( "314CAB70998FD1222B7DF8F8", ); "name" = "AirThrow"; "buildRules" = (  ); }; "B599B5E44F0FA0712925E81C" = { "path" = "Sources/AirThrowCore/Protocol.swift"; "isa" = "PBXFileReference"; "lastKnownFileType" = "sourcecode.swift"; "sourceTree" = "<group>"; }; "8D2F1103531CCB5030F5063D" = { "isa" = "PBXBuildFile"; "fileRef" = "8EA05057EB611899B00EC27A"; }; "A5A1053B93F8EF4B3D0CE38A" = { "path" = "Sources/AirThrowApp/ReceiverWaitingScreen.swift"; "isa" = "PBXFileReference"; "lastKnownFileType" = "sourcecode.swift"; "sourceTree" = "<group>"; }; "84053A9A81BFC598F621D9BA" = { "isa" = "XCBuildConfiguration"; "name" = "Debug"; "buildSettings" = { "CLANG_ENABLE_MODULES" = "YES"; "ENABLE_HARDENED_RUNTIME" = "YES"; "SWIFT_ACTIVE_COMPILATION_CONDITIONS" = "DEBUG"; "PRODUCT_MODULE_NAME" = "AirThrowCLI"; "MACOSX_DEPLOYMENT_TARGET" = "14.0"; "CODE_SIGN_STYLE" = "Automatic"; "SWIFT_VERSION" = "6.0"; "SDKROOT" = "macosx"; "SKIP_INSTALL" = "YES"; "PRODUCT_NAME" = "athrow"; "SWIFT_OPTIMIZATION_LEVEL" = "-Onone"; }; }; "DBBFC30291D55CDD50B10B32" = { "isa" = "PBXResourcesBuildPhase"; "buildActionMask" = "2147483647"; "files" = ( "6E8A826A2E7DE93DCE5C2D86", "CDBD980EA1842B2A23F8193A", ); "runOnlyForDeploymentPostprocessing" = "0"; }; "A35ABCD6DAC9A2E5C1D7D6A5" = { "path" = "Resources/AppIcon.icon"; "isa" = "PBXFileReference"; "lastKnownFileType" = "folder.iconcomposer.icon"; "sourceTree" = "<group>"; }; "7CA6EF9CDDE60325EA6A4FD7" = { "isa" = "PBXBuildFile"; "fileRef" = "20BFC196B571D037A4909288"; }; "32D4A9DF7C0200D8E1FF3984" = { "isa" = "PBXBuildFile"; "fileRef" = "C8D40D05FB412851BE846D59"; }; "0D25A9A11793BE91427A3D7D" = { "isa" = "PBXSourcesBuildPhase"; "buildActionMask" = "2147483647"; "files" = ( "B38F5144F6336D1C279E4A4D", "F7C02F150C89AA517F8336B4", "386F7F564D250524444112C0", "350BD45E72C5FEE9B447AF35", "F51085B0DC6E592E5D7E3BA2", "584BEA5FE6B945920FA222F2", "8D2F1103531CCB5030F5063D", "46C96345894D36C439BD7BC3", "FE3195A4EE3BBDBDAC906536", "38B5FD88E5B628E358485FDA", "0566A455AE53D175C844623C", "EF9D419B6644C00AC261D5E2", "0E87B4F112923D7FAB97133E", "A67DFDB49166EAEFCE9186A9", "7A2D6C6ADB2BD8A14B92486B", "32D4A9DF7C0200D8E1FF3984", "9459BFEACA86A17FF1CD4800", "1F07877EC50FE1AA0E697F45", "376567B26A3C069FA8FA287B", "38A1F898CA85C452269DB83A", "FC1086343FC1494804A504EA", "449E6909967ACF30032335E8", "EB0C209D7209837BA4DCDA6C", "86525719B72AB5F063AE1A6D", "4294BE1DA1F7A0CE5B13F355", ); "runOnlyForDeploymentPostprocessing" = "0"; }; "ECC1D25C8AC590A5B5FE82BF" = { "path" = "Sources/AirThrowApp/App.swift"; "isa" = "PBXFileReference"; "lastKnownFileType" = "sourcecode.swift"; "sourceTree" = "<group>"; }; "F51085B0DC6E592E5D7E3BA2" = { "isa" = "PBXBuildFile"; "fileRef" = "0C5275B3F500394403CCA936"; }; "0C5275B3F500394403CCA936" = { "path" = "Sources/AirThrowApp/PlaybackKeyboardWindow.swift"; "isa" = "PBXFileReference"; "lastKnownFileType" = "sourcecode.swift"; "sourceTree" = "<group>"; }; }; "rootObject" = "985959785319747668373CC6"; }
