// !$*UTF8*$!
{ "archiveVersion" = "1"; "classes" = {  }; "objectVersion" = "56"; "objects" = { "E43220055243542F17485DB3" = { "isa" = "PBXFileReference"; "lastKnownFileType" = "sourcecode.swift"; "path" = "Sources/AirPlayerApp/App.swift"; "sourceTree" = "<group>"; }; "C63F3D0366A162A3FC08C526" = { "isa" = "PBXFileReference"; "lastKnownFileType" = "sourcecode.swift"; "path" = "Sources/AirPlayerApp/ControllerView.swift"; "sourceTree" = "<group>"; }; "CB36E1B68E12A474D0396D11" = { "isa" = "PBXFileReference"; "lastKnownFileType" = "sourcecode.swift"; "path" = "Sources/AirPlayerApp/MediaDiagnostics.swift"; "sourceTree" = "<group>"; }; "1E6F52F6FF4DB8CF4760C303" = { "isa" = "PBXFileReference"; "lastKnownFileType" = "sourcecode.swift"; "path" = "Sources/AirPlayerApp/PlaybackController.swift"; "sourceTree" = "<group>"; }; "BD101849D2ACFB01487A45D1" = { "isa" = "PBXFileReference"; "lastKnownFileType" = "sourcecode.swift"; "path" = "Sources/AirPlayerApp/PlaylistView.swift"; "sourceTree" = "<group>"; }; "1211B8006EFBFF2945D38C44" = { "isa" = "PBXFileReference"; "lastKnownFileType" = "sourcecode.swift"; "path" = "Sources/AirPlayerApp/SettingsView.swift"; "sourceTree" = "<group>"; }; "68832C7F622C25C83F7A73EF" = { "isa" = "PBXFileReference"; "lastKnownFileType" = "sourcecode.swift"; "path" = "Sources/AirPlayerApp/SourceChooserView.swift"; "sourceTree" = "<group>"; }; "68F60092AAD108D3AADBE7F1" = { "isa" = "PBXFileReference"; "lastKnownFileType" = "sourcecode.swift"; "path" = "Sources/AirPlayerCLI/AirPlayerCLI.swift"; "sourceTree" = "<group>"; }; "6B8B968B82D494F62AF43E9D" = { "isa" = "PBXFileReference"; "lastKnownFileType" = "sourcecode.swift"; "path" = "Sources/AirPlayerCore/CLIArguments.swift"; "sourceTree" = "<group>"; }; "6A691A17F686BA79CC722E73" = { "isa" = "PBXFileReference"; "lastKnownFileType" = "sourcecode.swift"; "path" = "Sources/AirPlayerCore/HelperProcess.swift"; "sourceTree" = "<group>"; }; "C2091588B616428BC02ACF1B" = { "isa" = "PBXFileReference"; "lastKnownFileType" = "sourcecode.swift"; "path" = "Sources/AirPlayerCore/MediaHTTPServer.swift"; "sourceTree" = "<group>"; }; "250D739693BAC4315BD5186D" = { "isa" = "PBXFileReference"; "lastKnownFileType" = "sourcecode.swift"; "path" = "Sources/AirPlayerCore/MediaPreparer.swift"; "sourceTree" = "<group>"; }; "9549CED7171643B34E0879F5" = { "isa" = "PBXFileReference"; "lastKnownFileType" = "sourcecode.swift"; "path" = "Sources/AirPlayerCore/MediaSelection.swift"; "sourceTree" = "<group>"; }; "4FD203DBD62537D26D6C0B06" = { "isa" = "PBXFileReference"; "lastKnownFileType" = "sourcecode.swift"; "path" = "Sources/AirPlayerCore/Protocol.swift"; "sourceTree" = "<group>"; }; "D5316E03BC261491326BA31D" = { "isa" = "PBXFileReference"; "lastKnownFileType" = "sourcecode.swift"; "path" = "Sources/AirPlayerCore/Socket.swift"; "sourceTree" = "<group>"; }; "F729CE12B2379B04AB9A0E15" = { "isa" = "PBXFileReference"; "lastKnownFileType" = "sourcecode.swift"; "path" = "Sources/AirPlayerCore/SourceResolver.swift"; "sourceTree" = "<group>"; }; "F95E581D5E95ABE165229E70" = { "isa" = "PBXFileReference"; "lastKnownFileType" = "sourcecode.swift"; "path" = "Sources/AirPlayerCore/YouTubeCookies.swift"; "sourceTree" = "<group>"; }; "A35ABCD6DAC9A2E5C1D7D6A5" = { "isa" = "PBXFileReference"; "lastKnownFileType" = "image.icns"; "path" = "Resources/AirPlayer.icns"; "sourceTree" = "<group>"; }; "170322A32F3C35B2C61576A5" = { "isa" = "PBXFileReference"; "lastKnownFileType" = "text.plist.xml"; "path" = "Resources/Info.plist"; "sourceTree" = "<group>"; }; "DEF93E8F8AC229A0D98BBEFA" = { "isa" = "PBXFileReference"; "explicitFileType" = "wrapper.application"; "path" = "AirPlayer.app"; "sourceTree" = "BUILT_PRODUCTS_DIR"; }; "267F22E9ADC395A1F9B435E7" = { "isa" = "PBXFileReference"; "explicitFileType" = "compiled.mach-o.executable"; "path" = "airplayer"; "sourceTree" = "BUILT_PRODUCTS_DIR"; }; "4EDC8BFAFC6BD936B849F38C" = { "isa" = "PBXGroup"; "children" = ( "DEF93E8F8AC229A0D98BBEFA", "267F22E9ADC395A1F9B435E7", ); "name" = "Products"; "sourceTree" = "<group>"; }; "97A63A01E61FD439E8760B8E" = { "isa" = "PBXGroup"; "children" = ( "E43220055243542F17485DB3", "C63F3D0366A162A3FC08C526", "CB36E1B68E12A474D0396D11", "1E6F52F6FF4DB8CF4760C303", "BD101849D2ACFB01487A45D1", "1211B8006EFBFF2945D38C44", "68832C7F622C25C83F7A73EF", "68F60092AAD108D3AADBE7F1", "6B8B968B82D494F62AF43E9D", "6A691A17F686BA79CC722E73", "C2091588B616428BC02ACF1B", "250D739693BAC4315BD5186D", "9549CED7171643B34E0879F5", "4FD203DBD62537D26D6C0B06", "D5316E03BC261491326BA31D", "F729CE12B2379B04AB9A0E15", "F95E581D5E95ABE165229E70", "170322A32F3C35B2C61576A5", "A35ABCD6DAC9A2E5C1D7D6A5", "4EDC8BFAFC6BD936B849F38C", ); "sourceTree" = "<group>"; }; "433548979C024CC63B5F3B8D" = { "isa" = "XCBuildConfiguration"; "name" = "Debug"; "buildSettings" = { "MACOSX_DEPLOYMENT_TARGET" = "14.0"; "SWIFT_VERSION" = "6.0"; "SDKROOT" = "macosx"; "CLANG_ENABLE_MODULES" = "YES"; "SWIFT_OPTIMIZATION_LEVEL" = "-Onone"; "SWIFT_ACTIVE_COMPILATION_CONDITIONS" = "DEBUG"; }; }; "B800A40FDE6F0A0218D9BCD2" = { "isa" = "XCBuildConfiguration"; "name" = "Release"; "buildSettings" = { "MACOSX_DEPLOYMENT_TARGET" = "14.0"; "SWIFT_VERSION" = "6.0"; "SDKROOT" = "macosx"; "CLANG_ENABLE_MODULES" = "YES"; "SWIFT_OPTIMIZATION_LEVEL" = "-O"; }; }; "67F98A53B3601D59AC990BA8" = { "isa" = "XCConfigurationList"; "buildConfigurations" = ( "433548979C024CC63B5F3B8D", "B800A40FDE6F0A0218D9BCD2", ); "defaultConfigurationIsVisible" = "0"; "defaultConfigurationName" = "Release"; }; "6CCC433D89988F3E2859E1DB" = { "isa" = "XCBuildConfiguration"; "name" = "Debug"; "buildSettings" = { "MACOSX_DEPLOYMENT_TARGET" = "14.0"; "SWIFT_VERSION" = "6.0"; "SDKROOT" = "macosx"; "CLANG_ENABLE_MODULES" = "YES"; "PRODUCT_NAME" = "AirPlayer"; "PRODUCT_MODULE_NAME" = "AirPlayerApp"; "EXECUTABLE_NAME" = "AirPlayerApp"; "INFOPLIST_FILE" = "Resources/Info.plist"; "PRODUCT_BUNDLE_IDENTIFIER" = "app.airplayer.mac"; "CODE_SIGN_STYLE" = "Automatic"; "ENABLE_HARDENED_RUNTIME" = "YES"; "COMBINE_HIDPI_IMAGES" = "YES"; "ENABLE_USER_SCRIPT_SANDBOXING" = "NO"; "SWIFT_OPTIMIZATION_LEVEL" = "-Onone"; "SWIFT_ACTIVE_COMPILATION_CONDITIONS" = "DEBUG"; }; }; "60E450B27FD0D02DD5AA6B63" = { "isa" = "XCBuildConfiguration"; "name" = "Release"; "buildSettings" = { "MACOSX_DEPLOYMENT_TARGET" = "14.0"; "SWIFT_VERSION" = "6.0"; "SDKROOT" = "macosx"; "CLANG_ENABLE_MODULES" = "YES"; "PRODUCT_NAME" = "AirPlayer"; "PRODUCT_MODULE_NAME" = "AirPlayerApp"; "EXECUTABLE_NAME" = "AirPlayerApp"; "INFOPLIST_FILE" = "Resources/Info.plist"; "PRODUCT_BUNDLE_IDENTIFIER" = "app.airplayer.mac"; "CODE_SIGN_STYLE" = "Automatic"; "ENABLE_HARDENED_RUNTIME" = "YES"; "COMBINE_HIDPI_IMAGES" = "YES"; "ENABLE_USER_SCRIPT_SANDBOXING" = "NO"; "SWIFT_OPTIMIZATION_LEVEL" = "-O"; }; }; "0F51AEB162181847E3A04AEF" = { "isa" = "XCConfigurationList"; "buildConfigurations" = ( "6CCC433D89988F3E2859E1DB", "60E450B27FD0D02DD5AA6B63", ); "defaultConfigurationIsVisible" = "0"; "defaultConfigurationName" = "Release"; }; "84053A9A81BFC598F621D9BA" = { "isa" = "XCBuildConfiguration"; "name" = "Debug"; "buildSettings" = { "MACOSX_DEPLOYMENT_TARGET" = "14.0"; "SWIFT_VERSION" = "6.0"; "SDKROOT" = "macosx"; "CLANG_ENABLE_MODULES" = "YES"; "PRODUCT_NAME" = "airplayer"; "PRODUCT_MODULE_NAME" = "AirPlayerCLI"; "CODE_SIGN_STYLE" = "Automatic"; "ENABLE_HARDENED_RUNTIME" = "YES"; "SKIP_INSTALL" = "YES"; "SWIFT_OPTIMIZATION_LEVEL" = "-Onone"; "SWIFT_ACTIVE_COMPILATION_CONDITIONS" = "DEBUG"; }; }; "DC43D5998FDDB34BD798BD6F" = { "isa" = "XCBuildConfiguration"; "name" = "Release"; "buildSettings" = { "MACOSX_DEPLOYMENT_TARGET" = "14.0"; "SWIFT_VERSION" = "6.0"; "SDKROOT" = "macosx"; "CLANG_ENABLE_MODULES" = "YES"; "PRODUCT_NAME" = "airplayer"; "PRODUCT_MODULE_NAME" = "AirPlayerCLI"; "CODE_SIGN_STYLE" = "Automatic"; "ENABLE_HARDENED_RUNTIME" = "YES"; "SKIP_INSTALL" = "YES"; "SWIFT_OPTIMIZATION_LEVEL" = "-O"; }; }; "F88709FEBEE88DDE4FB9E8D9" = { "isa" = "XCConfigurationList"; "buildConfigurations" = ( "84053A9A81BFC598F621D9BA", "DC43D5998FDDB34BD798BD6F", ); "defaultConfigurationIsVisible" = "0"; "defaultConfigurationName" = "Release"; }; "FF004C99FCD10457015D8003" = { "isa" = "PBXContainerItemProxy"; "containerPortal" = "985959785319747668373CC6"; "proxyType" = "1"; "remoteGlobalIDString" = "DC598368AC8A8DE36B511421"; "remoteInfo" = "airplayer"; }; "314CAB70998FD1222B7DF8F8" = { "isa" = "PBXTargetDependency"; "target" = "DC598368AC8A8DE36B511421"; "targetProxy" = "FF004C99FCD10457015D8003"; }; "741356D2299FC81A023764DC" = { "isa" = "PBXBuildFile"; "fileRef" = "267F22E9ADC395A1F9B435E7"; "settings" = { "ATTRIBUTES" = ( "CodeSignOnCopy", ); }; }; "FF9D074A1CBA6625D4A0BCF3" = { "isa" = "PBXCopyFilesBuildPhase"; "buildActionMask" = "2147483647"; "dstPath" = ""; "dstSubfolderSpec" = "6"; "files" = ( "741356D2299FC81A023764DC", ); "name" = "Embed CLI"; "runOnlyForDeploymentPostprocessing" = "0"; }; "09B284D5DA20732B094FE6A8" = { "isa" = "PBXBuildFile"; "fileRef" = "68F60092AAD108D3AADBE7F1"; }; "C292F7C29099293EA93D76B6" = { "isa" = "PBXBuildFile"; "fileRef" = "6B8B968B82D494F62AF43E9D"; }; "7845A70571CF57280FDB0F34" = { "isa" = "PBXBuildFile"; "fileRef" = "6A691A17F686BA79CC722E73"; }; "949FC046A381BEF56E38F36A" = { "isa" = "PBXBuildFile"; "fileRef" = "C2091588B616428BC02ACF1B"; }; "D066145A4DAF33820FAFDBE3" = { "isa" = "PBXBuildFile"; "fileRef" = "250D739693BAC4315BD5186D"; }; "26FC0CD3B0E0468B983C9AB2" = { "isa" = "PBXBuildFile"; "fileRef" = "9549CED7171643B34E0879F5"; }; "30D683E7D025DD698FBABC7E" = { "isa" = "PBXBuildFile"; "fileRef" = "4FD203DBD62537D26D6C0B06"; }; "5E5567EC52DA101B52555F41" = { "isa" = "PBXBuildFile"; "fileRef" = "D5316E03BC261491326BA31D"; }; "B30B0CA12AFB62398C320534" = { "isa" = "PBXBuildFile"; "fileRef" = "F729CE12B2379B04AB9A0E15"; }; "3E82941AA5CFD43535B6A943" = { "isa" = "PBXBuildFile"; "fileRef" = "F95E581D5E95ABE165229E70"; }; "9F0E9621D3B9222CACDF2753" = { "isa" = "PBXSourcesBuildPhase"; "buildActionMask" = "2147483647"; "files" = ( "09B284D5DA20732B094FE6A8", "C292F7C29099293EA93D76B6", "7845A70571CF57280FDB0F34", "949FC046A381BEF56E38F36A", "D066145A4DAF33820FAFDBE3", "26FC0CD3B0E0468B983C9AB2", "30D683E7D025DD698FBABC7E", "5E5567EC52DA101B52555F41", "B30B0CA12AFB62398C320534", "3E82941AA5CFD43535B6A943", ); "runOnlyForDeploymentPostprocessing" = "0"; }; "DC598368AC8A8DE36B511421" = { "isa" = "PBXNativeTarget"; "buildConfigurationList" = "F88709FEBEE88DDE4FB9E8D9"; "buildPhases" = ( "9F0E9621D3B9222CACDF2753", ); "buildRules" = (  ); "dependencies" = (  ); "name" = "airplayer"; "productName" = "airplayer"; "productReference" = "267F22E9ADC395A1F9B435E7"; "productType" = "com.apple.product-type.tool"; }; "6E8A826A2E7DE93DCE5C2D86" = { "isa" = "PBXBuildFile"; "fileRef" = "A35ABCD6DAC9A2E5C1D7D6A5"; }; "DBBFC30291D55CDD50B10B32" = { "isa" = "PBXResourcesBuildPhase"; "buildActionMask" = "2147483647"; "files" = ( "6E8A826A2E7DE93DCE5C2D86", ); "runOnlyForDeploymentPostprocessing" = "0"; }; "551F4BE73CB91FABA604ABCE" = { "isa" = "PBXShellScriptBuildPhase"; "buildActionMask" = "2147483647"; "files" = (  ); "name" = "Stamp Git commit"; "inputPaths" = (  ); "outputPaths" = ( "$(TARGET_BUILD_DIR)/$(UNLOCALIZED_RESOURCES_FOLDER_PATH)/BuildCommit.txt", ); "alwaysOutOfDate" = "1"; "runOnlyForDeploymentPostprocessing" = "0"; "shellPath" = "/bin/bash"; "shellScript" = "bash \"$SRCROOT/scripts/write-build-commit.sh\" \"$TARGET_BUILD_DIR/$UNLOCALIZED_RESOURCES_FOLDER_PATH/BuildCommit.txt\"\n"; }; "2932794547DC3C5A269A8DDF" = { "isa" = "PBXBuildFile"; "fileRef" = "E43220055243542F17485DB3"; }; "98D315FE5B69A23532DEEFF1" = { "isa" = "PBXBuildFile"; "fileRef" = "C63F3D0366A162A3FC08C526"; }; "DB599B359481C064A347B8A5" = { "isa" = "PBXBuildFile"; "fileRef" = "CB36E1B68E12A474D0396D11"; }; "835F5D1E1E52DA7BBE3BC291" = { "isa" = "PBXBuildFile"; "fileRef" = "1E6F52F6FF4DB8CF4760C303"; }; "9366ADE451ADB1598FB44108" = { "isa" = "PBXBuildFile"; "fileRef" = "BD101849D2ACFB01487A45D1"; }; "7B64420BACEAA10D41929505" = { "isa" = "PBXBuildFile"; "fileRef" = "1211B8006EFBFF2945D38C44"; }; "04E9139C0E1C4EC7F747305A" = { "isa" = "PBXBuildFile"; "fileRef" = "68832C7F622C25C83F7A73EF"; }; "A0B61AAB7F23395E2403D6F8" = { "isa" = "PBXBuildFile"; "fileRef" = "6B8B968B82D494F62AF43E9D"; }; "74C6A5FBD792F157100F385D" = { "isa" = "PBXBuildFile"; "fileRef" = "6A691A17F686BA79CC722E73"; }; "82639E8DFB21F72CF2C9B1D3" = { "isa" = "PBXBuildFile"; "fileRef" = "C2091588B616428BC02ACF1B"; }; "81C878D104B2F5D9D85714AF" = { "isa" = "PBXBuildFile"; "fileRef" = "250D739693BAC4315BD5186D"; }; "472B630DFF1E874660141A0D" = { "isa" = "PBXBuildFile"; "fileRef" = "9549CED7171643B34E0879F5"; }; "80AEA0012C32BAD5661E130B" = { "isa" = "PBXBuildFile"; "fileRef" = "4FD203DBD62537D26D6C0B06"; }; "2515F62306E1DD0914B5A63B" = { "isa" = "PBXBuildFile"; "fileRef" = "D5316E03BC261491326BA31D"; }; "90BFB42C235FAB02E7216235" = { "isa" = "PBXBuildFile"; "fileRef" = "F729CE12B2379B04AB9A0E15"; }; "CA6FF55FA25C3988F9DACD33" = { "isa" = "PBXBuildFile"; "fileRef" = "F95E581D5E95ABE165229E70"; }; "0D25A9A11793BE91427A3D7D" = { "isa" = "PBXSourcesBuildPhase"; "buildActionMask" = "2147483647"; "files" = ( "2932794547DC3C5A269A8DDF", "98D315FE5B69A23532DEEFF1", "DB599B359481C064A347B8A5", "835F5D1E1E52DA7BBE3BC291", "9366ADE451ADB1598FB44108", "7B64420BACEAA10D41929505", "04E9139C0E1C4EC7F747305A", "A0B61AAB7F23395E2403D6F8", "74C6A5FBD792F157100F385D", "82639E8DFB21F72CF2C9B1D3", "81C878D104B2F5D9D85714AF", "472B630DFF1E874660141A0D", "80AEA0012C32BAD5661E130B", "2515F62306E1DD0914B5A63B", "90BFB42C235FAB02E7216235", "CA6FF55FA25C3988F9DACD33", ); "runOnlyForDeploymentPostprocessing" = "0"; }; "28842F0FBEF7D211F304ACBC" = { "isa" = "PBXNativeTarget"; "buildConfigurationList" = "0F51AEB162181847E3A04AEF"; "buildPhases" = ( "0D25A9A11793BE91427A3D7D", "DBBFC30291D55CDD50B10B32", "FF9D074A1CBA6625D4A0BCF3", "551F4BE73CB91FABA604ABCE", ); "buildRules" = (  ); "dependencies" = ( "314CAB70998FD1222B7DF8F8", ); "name" = "AirPlayer"; "productName" = "AirPlayer"; "productReference" = "DEF93E8F8AC229A0D98BBEFA"; "productType" = "com.apple.product-type.application"; }; "985959785319747668373CC6" = { "isa" = "PBXProject"; "attributes" = { "LastUpgradeCheck" = "1600"; }; "buildConfigurationList" = "67F98A53B3601D59AC990BA8"; "compatibilityVersion" = "Xcode 14.0"; "developmentRegion" = "en"; "hasScannedForEncodings" = "0"; "knownRegions" = ( "en", "Base", ); "mainGroup" = "97A63A01E61FD439E8760B8E"; "productRefGroup" = "4EDC8BFAFC6BD936B849F38C"; "projectDirPath" = ""; "projectRoot" = ""; "targets" = ( "28842F0FBEF7D211F304ACBC", "DC598368AC8A8DE36B511421", ); }; }; "rootObject" = "985959785319747668373CC6"; }
